
Microsoft Visual Studio Solution File, Format Version 12.00
# Visual Studio Version 17
VisualStudioVersion = 17.5.002.0
MinimumVisualStudioVersion = 10.0.40219.1
Project("{9A19103F-16F7-4668-BE54-9A1E7A4F7556}") = "Erni.University", "Erni.University\Erni.University.csproj", "{DE55B798-103E-402B-A966-910C55F38FE3}"
EndProject
Project("{FAE04EC0-301F-11D3-BF4B-00C04F79EFBC}") = "Erni.University.UnitTests", "Erni.University.UnitTests\Erni.University.UnitTests.csproj", "{021161B6-1DA3-4973-A57E-31F038C4012C}"
EndProject
Global
	GlobalSection(SolutionConfigurationPlatforms) = preSolution
		Debug|Any CPU = Debug|Any CPU
		Release|Any CPU = Release|Any CPU
	EndGlobalSection
	GlobalSection(ProjectConfigurationPlatforms) = postSolution
		{DE55B798-103E-402B-A966-910C55F38FE3}.Debug|Any CPU.ActiveCfg = Debug|Any CPU
		{DE55B798-103E-402B-A966-910C55F38FE3}.Debug|Any CPU.Build.0 = Debug|Any CPU
		{DE55B798-103E-402B-A966-910C55F38FE3}.Release|Any CPU.ActiveCfg = Release|Any CPU
		{DE55B798-103E-402B-A966-910C55F38FE3}.Release|Any CPU.Build.0 = Release|Any CPU
		{021161B6-1DA3-4973-A57E-31F038C4012C}.Debug|Any CPU.ActiveCfg = Debug|Any CPU
		{021161B6-1DA3-4973-A57E-31F038C4012C}.Debug|Any CPU.Build.0 = Debug|Any CPU
		{021161B6-1DA3-4973-A57E-31F038C4012C}.Release|Any CPU.ActiveCfg = Release|Any CPU
		{021161B6-1DA3-4973-A57E-31F038C4012C}.Release|Any CPU.Build.0 = Release|Any CPU
	EndGlobalSection
	GlobalSection(SolutionProperties) = preSolution
		HideSolutionNode = FALSE
	EndGlobalSection
	GlobalSection(ExtensibilityGlobals) = postSolution
		SolutionGuid = {DA8EAC31-68D6-4B82-82A7-F4427BFFB3BF}
	EndGlobalSection
EndGlobal
